// !$*UTF8*$!
{
	archiveVersion = 1;
	classes = {
	};
	objectVersion = 48;
	objects = {

/* Begin PBXBuildFile section */
		4EC79ED81FAF3BAF002771E1 /* BookManager.swift in Sources */ = {isa = PBXBuildFile; fileRef = 4EC79ED61FAF3BAF002771E1 /* BookManager.swift */; };
		4EC79ED91FAF3BAF002771E1 /* Book.swift in Sources */ = {isa = PBXBuildFile; fileRef = 4EC79ED71FAF3BAF002771E1 /* Book.swift */; };
		4EDDD7771FAEDC7100B09FC3 /* AppDelegate.swift in Sources */ = {isa = PBXBuildFile; fileRef = 4EDDD7761FAEDC7100B09FC3 /* AppDelegate.swift */; };
		4EDDD7791FAEDC7100B09FC3 /* ViewController.swift in Sources */ = {isa = PBXBuildFile; fileRef = 4EDDD7781FAEDC7100B09FC3 /* ViewController.swift */; };
		4EDDD77C1FAEDC7100B09FC3 /* Main.storyboard in Resources */ = {isa = PBXBuildFile; fileRef = 4EDDD77A1FAEDC7100B09FC3 /* Main.storyboard */; };
		4EDDD77E1FAEDC7100B09FC3 /* Assets.xcassets in Resources */ = {isa = PBXBuildFile; fileRef = 4EDDD77D1FAEDC7100B09FC3 /* Assets.xcassets */; };
		4EDDD7811FAEDC7100B09FC3 /* LaunchScreen.storyboard in Resources */ = {isa = PBXBuildFile; fileRef = 4EDDD77F1FAEDC7100B09FC3 /* LaunchScreen.storyboard */; };
/* End PBXBuildFile section */

/* Begin PBXFileReference section */
		4EC79ED61FAF3BAF002771E1 /* BookManager.swift */ = {isa = PBXFileReference; fileEncoding = 4; lastKnownFileType = sourcecode.swift; path = BookManager.swift; sourceTree = "<group>"; };
		4EC79ED71FAF3BAF002771E1 /* Book.swift */ = {isa = PBXFileReference; fileEncoding = 4; lastKnownFileType = sourcecode.swift; path = Book.swift; sourceTree = "<group>"; };
		4EDDD7731FAEDC7100B09FC3 /* VisualBookManager.app */ = {isa = PBXFileReference; explicitFileType = wrapper.application; includeInIndex = 0; path = VisualBookManager.app; sourceTree = BUILT_PRODUCTS_DIR; };
		4EDDD7761FAEDC7100B09FC3 /* AppDelegate.swift */ = {isa = PBXFileReference; lastKnownFileType = sourcecode.swift; path = AppDelegate.swift; sourceTree = "<group>"; };
		4EDDD7781FAEDC7100B09FC3 /* ViewController.swift */ = {isa = PBXFileReference; lastKnownFileType = sourcecode.swift; path = ViewController.swift; sourceTree = "<group>"; };
		4EDDD77B1FAEDC7100B09FC3 /* Base */ = {isa = PBXFileReference; lastKnownFileType = file.storyboard; name = Base; path = Base.lproj/Main.storyboard; sourceTree = "<group>"; };
		4EDDD77D1FAEDC7100B09FC3 /* Assets.xcassets */ = {isa = PBXFileReference; lastKnownFileType = folder.assetcatalog; path = Assets.xcassets; sourceTree = "<group>"; };
		4EDDD7801FAEDC7100B09FC3 /* Base */ = {isa = PBXFileReference; lastKnownFileType = file.storyboard; name = Base; path = Base.lproj/LaunchScreen.storyboard; sourceTree = "<group>"; };
		4EDDD7821FAEDC7100B09FC3 /* Info.plist */ = {isa = PBXFileReference; lastKnownFileType = text.plist.xml; path = Info.plist; sourceTree = "<group>"; };
/* End PBXFileReference section */

/* Begin PBXFrameworksBuildPhase section */
		4EDDD7701FAEDC7100B09FC3 /* Frameworks */ = {
			isa = PBXFrameworksBuildPhase;
			buildActionMask = 2147483647;
			files = (
			);
			runOnlyForDeploymentPostprocessing = 0;
		};
/* End PBXFrameworksBuildPhase section */

/* Begin PBXGroup section */
		4EDDD76A1FAEDC7100B09FC3 = {
			isa = PBXGroup;
			children = (
				4EDDD7751FAEDC7100B09FC3 /* VisualBookManager */,
				4EDDD7741FAEDC7100B09FC3 /* Products */,
			);
			sourceTree = "<group>";
		};
		4EDDD7741FAEDC7100B09FC3 /* Products */ = {
			isa = PBXGroup;
			children = (
				4EDDD7731FAEDC7100B09FC3 /* VisualBookManager.app */,
			);
			name = Products;
			sourceTree = "<group>";
		};
		4EDDD7751FAEDC7100B09FC3 /* VisualBookManager */ = {
			isa = PBXGroup;
			children = (
				4EDDD7761FAEDC7100B09FC3 /* AppDelegate.swift */,
				4EDDD7781FAEDC7100B09FC3 /* ViewController.swift */,
				4EC79ED71FAF3BAF002771E1 /* Book.swift */,
				4EC79ED61FAF3BAF002771E1 /* BookManager.swift */,
				4EDDD77A1FAEDC7100B09FC3 /* Main.storyboard */,
				4EDDD77D1FAEDC7100B09FC3 /* Assets.xcassets */,
				4EDDD77F1FAEDC7100B09FC3 /* LaunchScreen.storyboard */,
				4EDDD7821FAEDC7100B09FC3 /* Info.plist */,
			);
			path = VisualBookManager;
			sourceTree = "<group>";
		};
/* End PBXGroup section */

/* Begin PBXNativeTarget section */
		4EDDD7721FAEDC7100B09FC3 /* VisualBookManager */ = {
			isa = PBXNativeTarget;
			buildConfigurationList = 4EDDD7851FAEDC7100B09FC3 /* Build configuration list for PBXNativeTarget "VisualBookManager" */;
			buildPhases = (
				4EDDD76F1FAEDC7100B09FC3 /* Sources */,
				4EDDD7701FAEDC7100B09FC3 /* Frameworks */,
				4EDDD7711FAEDC7100B09FC3 /* Resources */,
			);
			buildRules = (
			);
			dependencies = (
			);
			name = VisualBookManager;
			productName = VisualBookManager;
			productReference = 4EDDD7731FAEDC7100B09FC3 /* VisualBookManager.app */;
			productType = "com.apple.product-type.application";
		};
/* End PBXNativeTarget section */

/* Begin PBXProject section */
		4EDDD76B1FAEDC7100B09FC3 /* Project object */ = {
			isa = PBXProject;
			attributes = {
				LastSwiftUpdateCheck = 0910;
				LastUpgradeCheck = 0910;
				ORGANIZATIONNAME = "박성진";
				TargetAttributes = {
					4EDDD7721FAEDC7100B09FC3 = {
						CreatedOnToolsVersion = 9.1;
						ProvisioningStyle = Automatic;
					};
				};
			};
			buildConfigurationList = 4EDDD76E1FAEDC7100B09FC3 /* Build configuration list for PBXProject "VisualBookManager" */;
			compatibilityVersion = "Xcode 8.0";
			developmentRegion = en;
			hasScannedForEncodings = 0;
			knownRegions = (
				en,
				Base,
			);
			mainGroup = 4EDDD76A1FAEDC7100B09FC3;
			productRefGroup = 4EDDD7741FAEDC7100B09FC3 /* Products */;
			projectDirPath = "";
			projectRoot = "";
			targets = (
				4EDDD7721FAEDC7100B09FC3 /* VisualBookManager */,
			);
		};
/* End PBXProject section */

/* Begin PBXResourcesBuildPhase section */
		4EDDD7711FAEDC7100B09FC3 /* Resources */ = {
			isa = PBXResourcesBuildPhase;
			buildActionMask = 2147483647;
			files = (
				4EDDD7811FAEDC7100B09FC3 /* LaunchScreen.storyboard in Resources */,
				4EDDD77E1FAEDC7100B09FC3 /* Assets.xcassets in Resources */,
				4EDDD77C1FAEDC7100B09FC3 /* Main.storyboard in Resources */,
			);
			runOnlyForDeploymentPostprocessing = 0;
		};
/* End PBXResourcesBuildPhase section */

/* Begin PBXSourcesBuildPhase section */
		4EDDD76F1FAEDC7100B09FC3 /* Sources */ = {
			isa = PBXSourcesBuildPhase;
			buildActionMask = 2147483647;
			files = (
				4EC79ED91FAF3BAF002771E1 /* Book.swift in Sources */,
				4EC79ED81FAF3BAF002771E1 /* BookManager.swift in Sources */,
				4EDDD7791FAEDC7100B09FC3 /* ViewController.swift in Sources */,
				4EDDD7771FAEDC7100B09FC3 /* AppDelegate.swift in Sources */,
			);
			runOnlyForDeploymentPostprocessing = 0;
		};
/* End PBXSourcesBuildPhase section */

/* Begin PBXVariantGroup section */
		4EDDD77A1FAEDC7100B09FC3 /* Main.storyboard */ = {
			isa = PBXVariantGroup;
			children = (
				4EDDD77B1FAEDC7100B09FC3 /* Base */,
			);
			name = Main.storyboard;
			sourceTree = "<group>";
		};
		4EDDD77F1FAEDC7100B09FC3 /* LaunchScreen.storyboard */ = {
			isa = PBXVariantGroup;
			children = (
				4EDDD7801FAEDC7100B09FC3 /* Base */,
			);
			name = LaunchScreen.storyboard;
			sourceTree = "<group>";
		};
/* End PBXVariantGroup section */

/* Begin XCBuildConfiguration section */
		4EDDD7831FAEDC7100B09FC3 /* Debug */ = {
			isa = XCBuildConfiguration;
			buildSettings = {
				ALWAYS_SEARCH_USER_PATHS = NO;
				CLANG_ANALYZER_NONNULL = YES;
				CLANG_ANALYZER_NUMBER_OBJECT_CONVERSION = YES_AGGRESSIVE;
				CLANG_CXX_LANGUAGE_STANDARD = "gnu++14";
				CLANG_CXX_LIBRARY = "libc++";
				CLANG_ENABLE_MODULES = YES;
				CLANG_ENABLE_OBJC_ARC = YES;
				CLANG_WARN_BLOCK_CAPTURE_AUTORELEASING = YES;
				CLANG_WARN_BOOL_CONVERSION = YES;
				CLANG_WARN_COMMA = YES;
				CLANG_WARN_CONSTANT_CONVERSION = YES;
				CLANG_WARN_DIRECT_OBJC_ISA_USAGE = YES_ERROR;
				CLANG_WARN_DOCUMENTATION_COMMENTS = YES;
				CLANG_WARN_EMPTY_BODY = YES;
				CLANG_WARN_ENUM_CONVERSION = YES;
				CLANG_WARN_INFINITE_RECURSION = YES;
				CLANG_WARN_INT_CONVERSION = YES;
				CLANG_WARN_NON_LITERAL_NULL_CONVERSION = YES;
				CLANG_WARN_OBJC_LITERAL_CONVERSION = YES;
				CLANG_WARN_OBJC_ROOT_CLASS = YES_ERROR;
				CLANG_WARN_RANGE_LOOP_ANALYSIS = YES;
				CLANG_WARN_STRICT_PROTOTYPES = YES;
				CLANG_WARN_SUSPICIOUS_MOVE = YES;
				CLANG_WARN_UNGUARDED_AVAILABILITY = YES_AGGRESSIVE;
				CLANG_WARN_UNREACHABLE_CODE = YES;
				CLANG_WARN__DUPLICATE_METHOD_MATCH = YES;
				CODE_SIGN_IDENTITY = "iPhone Developer";
				COPY_PHASE_STRIP = NO;
				DEBUG_INFORMATION_FORMAT = dwarf;
				ENABLE_STRICT_OBJC_MSGSEND = YES;
				ENABLE_TESTABILITY = YES;
				GCC_C_LANGUAGE_STANDARD = gnu11;
				GCC_DYNAMIC_NO_PIC = NO;
				GCC_NO_COMMON_BLOCKS = YES;
				GCC_OPTIMIZATION_LEVEL = 0;
				GCC_PREPROCESSOR_DEFINITIONS = (
					"DEBUG=1",
					"$(inherited)",
				);
				GCC_WARN_64_TO_32_BIT_CONVERSION = YES;
				GCC_WARN_ABOUT_RETURN_TYPE = YES_ERROR;
				GCC_WARN_UNDECLARED_SELECTOR = YES;
				GCC_WARN_UNINITIALIZED_AUTOS = YES_AGGRESSIVE;
				GCC_WARN_UNUSED_FUNCTION = YES;
				GCC_WARN_UNUSED_VARIABLE = YES;
				IPHONEOS_DEPLOYMENT_TARGET = 11.1;
				MTL_ENABLE_DEBUG_INFO = YES;
				ONLY_ACTIVE_ARCH = YES;
				SDKROOT = iphoneos;
				SWIFT_ACTIVE_COMPILATION_CONDITIONS = DEBUG;
				SWIFT_OPTIMIZATION_LEVEL = "-Onone";
			};
			name = Debug;
		};
		4EDDD7841FAEDC7100B09FC3 /* Release */ = {
			isa = XCBuildConfiguration;
			buildSettings = {
				ALWAYS_SEARCH_USER_PATHS = NO;
				CLANG_ANALYZER_NONNULL = YES;
				CLANG_ANALYZER_NUMBER_OBJECT_CONVERSION = YES_AGGRESSIVE;
				CLANG_CXX_LANGUAGE_STANDARD = "gnu++14";
				CLANG_CXX_LIBRARY = "libc++";
				CLANG_ENABLE_MODULES = YES;
				CLANG_ENABLE_OBJC_ARC = YES;
				CLANG_WARN_BLOCK_CAPTURE_AUTORELEASING = YES;
				CLANG_WARN_BOOL_CONVERSION = YES;
				CLANG_WARN_COMMA = YES;
				CLANG_WARN_CONSTANT_CONVERSION = YES;
				CLANG_WARN_DIRECT_OBJC_ISA_USAGE = YES_ERROR;
				CLANG_WARN_DOCUMENTATION_COMMENTS = YES;
				CLANG_WARN_EMPTY_BODY = YES;
				CLANG_WARN_ENUM_CONVERSION = YES;
				CLANG_WARN_INFINITE_RECURSION = YES;
				CLANG_WARN_INT_CONVERSION = YES;
				CLANG_WARN_NON_LITERAL_NULL_CONVERSION = YES;
				CLANG_WARN_OBJC_LITERAL_CONVERSION = YES;
				CLANG_WARN_OBJC_ROOT_CLASS = YES_ERROR;
				CLANG_WARN_RANGE_LOOP_ANALYSIS = YES;
				CLANG_WARN_STRICT_PROTOTYPES = YES;
				CLANG_WARN_SUSPICIOUS_MOVE = YES;
				CLANG_WARN_UNGUARDED_AVAILABILITY = YES_AGGRESSIVE;
				CLANG_WARN_UNREACHABLE_CODE = YES;
				CLANG_WARN__DUPLICATE_METHOD_MATCH = YES;
				CODE_SIGN_IDENTITY = "iPhone Developer";
				COPY_PHASE_STRIP = NO;
				DEBUG_INFORMATION_FORMAT = "dwarf-with-dsym";
				ENABLE_NS_ASSERTIONS = NO;
				ENABLE_STRICT_OBJC_MSGSEND = YES;
				GCC_C_LANGUAGE_STANDARD = gnu11;
				GCC_NO_COMMON_BLOCKS = YES;
				GCC_WARN_64_TO_32_BIT_CONVERSION = YES;
				GCC_WARN_ABOUT_RETURN_TYPE = YES_ERROR;
				GCC_WARN_UNDECLARED_SELECTOR = YES;
				GCC_WARN_UNINITIALIZED_AUTOS = YES_AGGRESSIVE;
				GCC_WARN_UNUSED_FUNCTION = YES;
				GCC_WARN_UNUSED_VARIABLE = YES;
				IPHONEOS_DEPLOYMENT_TARGET = 11.1;
				MTL_ENABLE_DEBUG_INFO = NO;
				SDKROOT = iphoneos;
				SWIFT_OPTIMIZATION_LEVEL = "-Owholemodule";
				VALIDATE_PRODUCT = YES;
			};
			name = Release;
		};
		4EDDD7861FAEDC7100B09FC3 /* Debug */ = {
			isa = XCBuildConfiguration;
			buildSettings = {
				ASSETCATALOG_COMPILER_APPICON_NAME = AppIcon;
				CODE_SIGN_STYLE = Automatic;
				DEVELOPMENT_TEAM = DXLRA6ENU7;
				INFOPLIST_FILE = VisualBookManager/Info.plist;
				LD_RUNPATH_SEARCH_PATHS = "$(inherited) @executable_path/Frameworks";
				PRODUCT_BUNDLE_IDENTIFIER = soondori.VisualBookManager;
				PRODUCT_NAME = "$(TARGET_NAME)";
				SWIFT_VERSION = 4.0;
				TARGETED_DEVICE_FAMILY = "1,2";
			};
			name = Debug;
		};
		4EDDD7871FAEDC7100B09FC3 /* Release */ = {
			isa = XCBuildConfiguration;
			buildSettings = {
				ASSETCATALOG_COMPILER_APPICON_NAME = AppIcon;
				CODE_SIGN_STYLE = Automatic;
				DEVELOPMENT_TEAM = DXLRA6ENU7;
				INFOPLIST_FILE = VisualBookManager/Info.plist;
				LD_RUNPATH_SEARCH_PATHS = "$(inherited) @executable_path/Frameworks";
				PRODUCT_BUNDLE_IDENTIFIER = soondori.VisualBookManager;
				PRODUCT_NAME = "$(TARGET_NAME)";
				SWIFT_VERSION = 4.0;
				TARGETED_DEVICE_FAMILY = "1,2";
			};
			name = Release;
		};
/* End XCBuildConfiguration section */

/* Begin XCConfigurationList section */
		4EDDD76E1FAEDC7100B09FC3 /* Build configuration list for PBXProject "VisualBookManager" */ = {
			isa = XCConfigurationList;
			buildConfigurations = (
				4EDDD7831FAEDC7100B09FC3 /* Debug */,
				4EDDD7841FAEDC7100B09FC3 /* Release */,
			);
			defaultConfigurationIsVisible = 0;
			defaultConfigurationName = Release;
		};
		4EDDD7851FAEDC7100B09FC3 /* Build configuration list for PBXNativeTarget "VisualBookManager" */ = {
			isa = XCConfigurationList;
			buildConfigurations = (
				4EDDD7861FAEDC7100B09FC3 /* Debug */,
				4EDDD7871FAEDC7100B09FC3 /* Release */,
			);
			defaultConfigurationIsVisible = 0;
			defaultConfigurationName = Release;
		};
/* End XCConfigurationList section */
	};
	rootObject = 4EDDD76B1FAEDC7100B09FC3 /* Project object */;
}
